// !$*UTF8*$!
{
	archiveVersion = 1;
	classes = {
	};
	objectVersion = 55;
	objects = {

/* Begin PBXBuildFile section */
		CEB939542840632D0047141C /* AppDelegate.swift in Sources */ = {isa = PBXBuildFile; fileRef = CEB939532840632D0047141C /* AppDelegate.swift */; };
		CEB939562840632D0047141C /* SceneDelegate.swift in Sources */ = {isa = PBXBuildFile; fileRef = CEB939552840632D0047141C /* SceneDelegate.swift */; };
		CEB939582840632D0047141C /* ViewController.swift in Sources */ = {isa = PBXBuildFile; fileRef = CEB939572840632D0047141C /* ViewController.swift */; };
		CEB9395B2840632D0047141C /* Main.storyboard in Resources */ = {isa = PBXBuildFile; fileRef = CEB939592840632D0047141C /* Main.storyboard */; };
		CEB9395D284063300047141C /* Assets.xcassets in Resources */ = {isa = PBXBuildFile; fileRef = CEB9395C284063300047141C /* Assets.xcassets */; };
		CEB93960284063300047141C /* LaunchScreen.storyboard in Resources */ = {isa = PBXBuildFile; fileRef = CEB9395E284063300047141C /* LaunchScreen.storyboard */; };
		CEB9396B284063300047141C /* PlannetAppTests.swift in Sources */ = {isa = PBXBuildFile; fileRef = CEB9396A284063300047141C /* PlannetAppTests.swift */; };
		CEB93975284063300047141C /* PlannetAppUITests.swift in Sources */ = {isa = PBXBuildFile; fileRef = CEB93974284063300047141C /* PlannetAppUITests.swift */; };
		CEB93977284063300047141C /* PlannetAppUITestsLaunchTests.swift in Sources */ = {isa = PBXBuildFile; fileRef = CEB93976284063300047141C /* PlannetAppUITestsLaunchTests.swift */; };
/* End PBXBuildFile section */

/* Begin PBXContainerItemProxy section */
		CEB93967284063300047141C /* PBXContainerItemProxy */ = {
			isa = PBXContainerItemProxy;
			containerPortal = CEB939482840632D0047141C /* Project object */;
			proxyType = 1;
			remoteGlobalIDString = CEB9394F2840632D0047141C;
			remoteInfo = PlannetApp;
		};
		CEB93971284063300047141C /* PBXContainerItemProxy */ = {
			isa = PBXContainerItemProxy;
			containerPortal = CEB939482840632D0047141C /* Project object */;
			proxyType = 1;
			remoteGlobalIDString = CEB9394F2840632D0047141C;
			remoteInfo = PlannetApp;
		};
/* End PBXContainerItemProxy section */

/* Begin PBXFileReference section */
		CEB939502840632D0047141C /* PlannetApp.app */ = {isa = PBXFileReference; explicitFileType = wrapper.application; includeInIndex = 0; path = PlannetApp.app; sourceTree = BUILT_PRODUCTS_DIR; };
		CEB939532840632D0047141C /* AppDelegate.swift */ = {isa = PBXFileReference; lastKnownFileType = sourcecode.swift; path = AppDelegate.swift; sourceTree = "<group>"; };
		CEB939552840632D0047141C /* SceneDelegate.swift */ = {isa = PBXFileReference; lastKnownFileType = sourcecode.swift; path = SceneDelegate.swift; sourceTree = "<group>"; };
		CEB939572840632D0047141C /* ViewController.swift */ = {isa = PBXFileReference; lastKnownFileType = sourcecode.swift; path = ViewController.swift; sourceTree = "<group>"; };
		CEB9395A2840632D0047141C /* Base */ = {isa = PBXFileReference; lastKnownFileType = file.storyboard; name = Base; path = Base.lproj/Main.storyboard; sourceTree = "<group>"; };
		CEB9395C284063300047141C /* Assets.xcassets */ = {isa = PBXFileReference; lastKnownFileType = folder.assetcatalog; path = Assets.xcassets; sourceTree = "<group>"; };
		CEB9395F284063300047141C /* Base */ = {isa = PBXFileReference; lastKnownFileType = file.storyboard; name = Base; path = Base.lproj/LaunchScreen.storyboard; sourceTree = "<group>"; };
		CEB93961284063300047141C /* Info.plist */ = {isa = PBXFileReference; lastKnownFileType = text.plist.xml; path = Info.plist; sourceTree = "<group>"; };
		CEB93966284063300047141C /* PlannetAppTests.xctest */ = {isa = PBXFileReference; explicitFileType = wrapper.cfbundle; includeInIndex = 0; path = PlannetAppTests.xctest; sourceTree = BUILT_PRODUCTS_DIR; };
		CEB9396A284063300047141C /* PlannetAppTests.swift */ = {isa = PBXFileReference; lastKnownFileType = sourcecode.swift; path = PlannetAppTests.swift; sourceTree = "<group>"; };
		CEB93970284063300047141C /* PlannetAppUITests.xctest */ = {isa = PBXFileReference; explicitFileType = wrapper.cfbundle; includeInIndex = 0; path = PlannetAppUITests.xctest; sourceTree = BUILT_PRODUCTS_DIR; };
		CEB93974284063300047141C /* PlannetAppUITests.swift */ = {isa = PBXFileReference; lastKnownFileType = sourcecode.swift; path = PlannetAppUITests.swift; sourceTree = "<group>"; };
		CEB93976284063300047141C /* PlannetAppUITestsLaunchTests.swift */ = {isa = PBXFileReference; lastKnownFileType = sourcecode.swift; path = PlannetAppUITestsLaunchTests.swift; sourceTree = "<group>"; };
/* End PBXFileReference section */

/* Begin PBXFrameworksBuildPhase section */
		CEB9394D2840632D0047141C /* Frameworks */ = {
			isa = PBXFrameworksBuildPhase;
			buildActionMask = 2147483647;
			files = (
			);
			runOnlyForDeploymentPostprocessing = 0;
		};
		CEB93963284063300047141C /* Frameworks */ = {
			isa = PBXFrameworksBuildPhase;
			buildActionMask = 2147483647;
			files = (
			);
			runOnlyForDeploymentPostprocessing = 0;
		};
		CEB9396D284063300047141C /* Frameworks */ = {
			isa = PBXFrameworksBuildPhase;
			buildActionMask = 2147483647;
			files = (
			);
			runOnlyForDeploymentPostprocessing = 0;
		};
/* End PBXFrameworksBuildPhase section */

/* Begin PBXGroup section */
		CEB939472840632D0047141C = {
			isa = PBXGroup;
			children = (
				CEB939522840632D0047141C /* PlannetApp */,
				CEB93969284063300047141C /* PlannetAppTests */,
				CEB93973284063300047141C /* PlannetAppUITests */,
				CEB939512840632D0047141C /* Products */,
			);
			sourceTree = "<group>";
		};
		CEB939512840632D0047141C /* Products */ = {
			isa = PBXGroup;
			children = (
				CEB939502840632D0047141C /* PlannetApp.app */,
				CEB93966284063300047141C /* PlannetAppTests.xctest */,
				CEB93970284063300047141C /* PlannetAppUITests.xctest */,
			);
			name = Products;
			sourceTree = "<group>";
		};
		CEB939522840632D0047141C /* PlannetApp */ = {
			isa = PBXGroup;
			children = (
				CEB939532840632D0047141C /* AppDelegate.swift */,
				CEB939552840632D0047141C /* SceneDelegate.swift */,
				CEB939572840632D0047141C /* ViewController.swift */,
				CEB939592840632D0047141C /* Main.storyboard */,
				CEB9395C284063300047141C /* Assets.xcassets */,
				CEB9395E284063300047141C /* LaunchScreen.storyboard */,
				CEB93961284063300047141C /* Info.plist */,
			);
			path = PlannetApp;
			sourceTree = "<group>";
		};
		CEB93969284063300047141C /* PlannetAppTests */ = {
			isa = PBXGroup;
			children = (
				CEB9396A284063300047141C /* PlannetAppTests.swift */,
			);
			path = PlannetAppTests;
			sourceTree = "<group>";
		};
		CEB93973284063300047141C /* PlannetAppUITests */ = {
			isa = PBXGroup;
			children = (
				CEB93974284063300047141C /* PlannetAppUITests.swift */,
				CEB93976284063300047141C /* PlannetAppUITestsLaunchTests.swift */,
			);
			path = PlannetAppUITests;
			sourceTree = "<group>";
		};
/* End PBXGroup section */

/* Begin PBXNativeTarget section */
		CEB9394F2840632D0047141C /* PlannetApp */ = {
			isa = PBXNativeTarget;
			buildConfigurationList = CEB9397A284063300047141C /* Build configuration list for PBXNativeTarget "PlannetApp" */;
			buildPhases = (
				CEB9394C2840632D0047141C /* Sources */,
				CEB9394D2840632D0047141C /* Frameworks */,
				CEB9394E2840632D0047141C /* Resources */,
			);
			buildRules = (
			);
			dependencies = (
			);
			name = PlannetApp;
			productName = PlannetApp;
			productReference = CEB939502840632D0047141C /* PlannetApp.app */;
			productType = "com.apple.product-type.application";
		};
		CEB93965284063300047141C /* PlannetAppTests */ = {
			isa = PBXNativeTarget;
			buildConfigurationList = CEB9397D284063300047141C /* Build configuration list for PBXNativeTarget "PlannetAppTests" */;
			buildPhases = (
				CEB93962284063300047141C /* Sources */,
				CEB93963284063300047141C /* Frameworks */,
				CEB93964284063300047141C /* Resources */,
			);
			buildRules = (
			);
			dependencies = (
				CEB93968284063300047141C /* PBXTargetDependency */,
			);
			name = PlannetAppTests;
			productName = PlannetAppTests;
			productReference = CEB93966284063300047141C /* PlannetAppTests.xctest */;
			productType = "com.apple.product-type.bundle.unit-test";
		};
		CEB9396F284063300047141C /* PlannetAppUITests */ = {
			isa = PBXNativeTarget;
			buildConfigurationList = CEB93980284063300047141C /* Build configuration list for PBXNativeTarget "PlannetAppUITests" */;
			buildPhases = (
				CEB9396C284063300047141C /* Sources */,
				CEB9396D284063300047141C /* Frameworks */,
				CEB9396E284063300047141C /* Resources */,
			);
			buildRules = (
			);
			dependencies = (
				CEB93972284063300047141C /* PBXTargetDependency */,
			);
			name = PlannetAppUITests;
			productName = PlannetAppUITests;
			productReference = CEB93970284063300047141C /* PlannetAppUITests.xctest */;
			productType = "com.apple.product-type.bundle.ui-testing";
		};
/* End PBXNativeTarget section */

/* Begin PBXProject section */
		CEB939482840632D0047141C /* Project object */ = {
			isa = PBXProject;
			attributes = {
				BuildIndependentTargetsInParallel = 1;
				LastSwiftUpdateCheck = 1330;
				LastUpgradeCheck = 1330;
				TargetAttributes = {
					CEB9394F2840632D0047141C = {
						CreatedOnToolsVersion = 13.3.1;
					};
					CEB93965284063300047141C = {
						CreatedOnToolsVersion = 13.3.1;
						TestTargetID = CEB9394F2840632D0047141C;
					};
					CEB9396F284063300047141C = {
						CreatedOnToolsVersion = 13.3.1;
						TestTargetID = CEB9394F2840632D0047141C;
					};
				};
			};
			buildConfigurationList = CEB9394B2840632D0047141C /* Build configuration list for PBXProject "PlannetApp" */;
			compatibilityVersion = "Xcode 13.0";
			developmentRegion = en;
			hasScannedForEncodings = 0;
			knownRegions = (
				en,
				Base,
			);
			mainGroup = CEB939472840632D0047141C;
			productRefGroup = CEB939512840632D0047141C /* Products */;
			projectDirPath = "";
			projectRoot = "";
			targets = (
				CEB9394F2840632D0047141C /* PlannetApp */,
				CEB93965284063300047141C /* PlannetAppTests */,
				CEB9396F284063300047141C /* PlannetAppUITests */,
			);
		};
/* End PBXProject section */

/* Begin PBXResourcesBuildPhase section */
		CEB9394E2840632D0047141C /* Resources */ = {
			isa = PBXResourcesBuildPhase;
			buildActionMask = 2147483647;
			files = (
				CEB93960284063300047141C /* LaunchScreen.storyboard in Resources */,
				CEB9395D284063300047141C /* Assets.xcassets in Resources */,
				CEB9395B2840632D0047141C /* Main.storyboard in Resources */,
			);
			runOnlyForDeploymentPostprocessing = 0;
		};
		CEB93964284063300047141C /* Resources */ = {
			isa = PBXResourcesBuildPhase;
			buildActionMask = 2147483647;
			files = (
			);
			runOnlyForDeploymentPostprocessing = 0;
		};
		CEB9396E284063300047141C /* Resources */ = {
			isa = PBXResourcesBuildPhase;
			buildActionMask = 2147483647;
			files = (
			);
			runOnlyForDeploymentPostprocessing = 0;
		};
/* End PBXResourcesBuildPhase section */

/* Begin PBXSourcesBuildPhase section */
		CEB9394C2840632D0047141C /* Sources */ = {
			isa = PBXSourcesBuildPhase;
			buildActionMask = 2147483647;
			files = (
				CEB939582840632D0047141C /* ViewController.swift in Sources */,
				CEB939542840632D0047141C /* AppDelegate.swift in Sources */,
				CEB939562840632D0047141C /* SceneDelegate.swift in Sources */,
			);
			runOnlyForDeploymentPostprocessing = 0;
		};
		CEB93962284063300047141C /* Sources */ = {
			isa = PBXSourcesBuildPhase;
			buildActionMask = 2147483647;
			files = (
				CEB9396B284063300047141C /* PlannetAppTests.swift in Sources */,
			);
			runOnlyForDeploymentPostprocessing = 0;
		};
		CEB9396C284063300047141C /* Sources */ = {
			isa = PBXSourcesBuildPhase;
			buildActionMask = 2147483647;
			files = (
				CEB93975284063300047141C /* PlannetAppUITests.swift in Sources */,
				CEB93977284063300047141C /* PlannetAppUITestsLaunchTests.swift in Sources */,
			);
			runOnlyForDeploymentPostprocessing = 0;
		};
/* End PBXSourcesBuildPhase section */

/* Begin PBXTargetDependency section */
		CEB93968284063300047141C /* PBXTargetDependency */ = {
			isa = PBXTargetDependency;
			target = CEB9394F2840632D0047141C /* PlannetApp */;
			targetProxy = CEB93967284063300047141C /* PBXContainerItemProxy */;
		};
		CEB93972284063300047141C /* PBXTargetDependency */ = {
			isa = PBXTargetDependency;
			target = CEB9394F2840632D0047141C /* PlannetApp */;
			targetProxy = CEB93971284063300047141C /* PBXContainerItemProxy */;
		};
/* End PBXTargetDependency section */

/* Begin PBXVariantGroup section */
		CEB939592840632D0047141C /* Main.storyboard */ = {
			isa = PBXVariantGroup;
			children = (
				CEB9395A2840632D0047141C /* Base */,
			);
			name = Main.storyboard;
			sourceTree = "<group>";
		};
		CEB9395E284063300047141C /* LaunchScreen.storyboard */ = {
			isa = PBXVariantGroup;
			children = (
				CEB9395F284063300047141C /* Base */,
			);
			name = LaunchScreen.storyboard;
			sourceTree = "<group>";
		};
/* End PBXVariantGroup section */

/* Begin XCBuildConfiguration section */
		CEB93978284063300047141C /* Debug */ = {
			isa = XCBuildConfiguration;
			buildSettings = {
				ALWAYS_SEARCH_USER_PATHS = NO;
				CLANG_ANALYZER_NONNULL = YES;
				CLANG_ANALYZER_NUMBER_OBJECT_CONVERSION = YES_AGGRESSIVE;
				CLANG_CXX_LANGUAGE_STANDARD = "gnu++17";
				CLANG_ENABLE_MODULES = YES;
				CLANG_ENABLE_OBJC_ARC = YES;
				CLANG_ENABLE_OBJC_WEAK = YES;
				CLANG_WARN_BLOCK_CAPTURE_AUTORELEASING = YES;
				CLANG_WARN_BOOL_CONVERSION = YES;
				CLANG_WARN_COMMA = YES;
				CLANG_WARN_CONSTANT_CONVERSION = YES;
				CLANG_WARN_DEPRECATED_OBJC_IMPLEMENTATIONS = YES;
				CLANG_WARN_DIRECT_OBJC_ISA_USAGE = YES_ERROR;
				CLANG_WARN_DOCUMENTATION_COMMENTS = YES;
				CLANG_WARN_EMPTY_BODY = YES;
				CLANG_WARN_ENUM_CONVERSION = YES;
				CLANG_WARN_INFINITE_RECURSION = YES;
				CLANG_WARN_INT_CONVERSION = YES;
				CLANG_WARN_NON_LITERAL_NULL_CONVERSION = YES;
				CLANG_WARN_OBJC_IMPLICIT_RETAIN_SELF = YES;
				CLANG_WARN_OBJC_LITERAL_CONVERSION = YES;
				CLANG_WARN_OBJC_ROOT_CLASS = YES_ERROR;
				CLANG_WARN_QUOTED_INCLUDE_IN_FRAMEWORK_HEADER = YES;
				CLANG_WARN_RANGE_LOOP_ANALYSIS = YES;
				CLANG_WARN_STRICT_PROTOTYPES = YES;
				CLANG_WARN_SUSPICIOUS_MOVE = YES;
				CLANG_WARN_UNGUARDED_AVAILABILITY = YES_AGGRESSIVE;
				CLANG_WARN_UNREACHABLE_CODE = YES;
				CLANG_WARN__DUPLICATE_METHOD_MATCH = YES;
				COPY_PHASE_STRIP = NO;
				DEBUG_INFORMATION_FORMAT = dwarf;
				ENABLE_STRICT_OBJC_MSGSEND = YES;
				ENABLE_TESTABILITY = YES;
				GCC_C_LANGUAGE_STANDARD = gnu11;
				GCC_DYNAMIC_NO_PIC = NO;
				GCC_NO_COMMON_BLOCKS = YES;
				GCC_OPTIMIZATION_LEVEL = 0;
				GCC_PREPROCESSOR_DEFINITIONS = (
					"DEBUG=1",
					"$(inherited)",
				);
				GCC_WARN_64_TO_32_BIT_CONVERSION = YES;
				GCC_WARN_ABOUT_RETURN_TYPE = YES_ERROR;
				GCC_WARN_UNDECLARED_SELECTOR = YES;
				GCC_WARN_UNINITIALIZED_AUTOS = YES_AGGRESSIVE;
				GCC_WARN_UNUSED_FUNCTION = YES;
				GCC_WARN_UNUSED_VARIABLE = YES;
				IPHONEOS_DEPLOYMENT_TARGET = 15.4;
				MTL_ENABLE_DEBUG_INFO = INCLUDE_SOURCE;
				MTL_FAST_MATH = YES;
				ONLY_ACTIVE_ARCH = YES;
				SDKROOT = iphoneos;
				SWIFT_ACTIVE_COMPILATION_CONDITIONS = DEBUG;
				SWIFT_OPTIMIZATION_LEVEL = "-Onone";
			};
			name = Debug;
		};
		CEB93979284063300047141C /* Release */ = {
			isa = XCBuildConfiguration;
			buildSettings = {
				ALWAYS_SEARCH_USER_PATHS = NO;
				CLANG_ANALYZER_NONNULL = YES;
				CLANG_ANALYZER_NUMBER_OBJECT_CONVERSION = YES_AGGRESSIVE;
				CLANG_CXX_LANGUAGE_STANDARD = "gnu++17";
				CLANG_ENABLE_MODULES = YES;
				CLANG_ENABLE_OBJC_ARC = YES;
				CLANG_ENABLE_OBJC_WEAK = YES;
				CLANG_WARN_BLOCK_CAPTURE_AUTORELEASING = YES;
				CLANG_WARN_BOOL_CONVERSION = YES;
				CLANG_WARN_COMMA = YES;
				CLANG_WARN_CONSTANT_CONVERSION = YES;
				CLANG_WARN_DEPRECATED_OBJC_IMPLEMENTATIONS = YES;
				CLANG_WARN_DIRECT_OBJC_ISA_USAGE = YES_ERROR;
				CLANG_WARN_DOCUMENTATION_COMMENTS = YES;
				CLANG_WARN_EMPTY_BODY = YES;
				CLANG_WARN_ENUM_CONVERSION = YES;
				CLANG_WARN_INFINITE_RECURSION = YES;
				CLANG_WARN_INT_CONVERSION = YES;
				CLANG_WARN_NON_LITERAL_NULL_CONVERSION = YES;
				CLANG_WARN_OBJC_IMPLICIT_RETAIN_SELF = YES;
				CLANG_WARN_OBJC_LITERAL_CONVERSION = YES;
				CLANG_WARN_OBJC_ROOT_CLASS = YES_ERROR;
				CLANG_WARN_QUOTED_INCLUDE_IN_FRAMEWORK_HEADER = YES;
				CLANG_WARN_RANGE_LOOP_ANALYSIS = YES;
				CLANG_WARN_STRICT_PROTOTYPES = YES;
				CLANG_WARN_SUSPICIOUS_MOVE = YES;
				CLANG_WARN_UNGUARDED_AVAILABILITY = YES_AGGRESSIVE;
				CLANG_WARN_UNREACHABLE_CODE = YES;
				CLANG_WARN__DUPLICATE_METHOD_MATCH = YES;
				COPY_PHASE_STRIP = NO;
				DEBUG_INFORMATION_FORMAT = "dwarf-with-dsym";
				ENABLE_NS_ASSERTIONS = NO;
				ENABLE_STRICT_OBJC_MSGSEND = YES;
				GCC_C_LANGUAGE_STANDARD = gnu11;
				GCC_NO_COMMON_BLOCKS = YES;
				GCC_WARN_64_TO_32_BIT_CONVERSION = YES;
				GCC_WARN_ABOUT_RETURN_TYPE = YES_ERROR;
				GCC_WARN_UNDECLARED_SELECTOR = YES;
				GCC_WARN_UNINITIALIZED_AUTOS = YES_AGGRESSIVE;
				GCC_WARN_UNUSED_FUNCTION = YES;
				GCC_WARN_UNUSED_VARIABLE = YES;
				IPHONEOS_DEPLOYMENT_TARGET = 15.4;
				MTL_ENABLE_DEBUG_INFO = NO;
				MTL_FAST_MATH = YES;
				SDKROOT = iphoneos;
				SWIFT_COMPILATION_MODE = wholemodule;
				SWIFT_OPTIMIZATION_LEVEL = "-O";
				VALIDATE_PRODUCT = YES;
			};
			name = Release;
		};
		CEB9397B284063300047141C /* Debug */ = {
			isa = XCBuildConfiguration;
			buildSettings = {
				ASSETCATALOG_COMPILER_APPICON_NAME = AppIcon;
				ASSETCATALOG_COMPILER_GLOBAL_ACCENT_COLOR_NAME = AccentColor;
				CODE_SIGN_STYLE = Automatic;
				CURRENT_PROJECT_VERSION = 1;
				DEVELOPMENT_TEAM = 356V28S9UF;
				GENERATE_INFOPLIST_FILE = YES;
				INFOPLIST_FILE = PlannetApp/Info.plist;
				INFOPLIST_KEY_UIApplicationSupportsIndirectInputEvents = YES;
				INFOPLIST_KEY_UILaunchStoryboardName = LaunchScreen;
				INFOPLIST_KEY_UIMainStoryboardFile = Main;
				INFOPLIST_KEY_UISupportedInterfaceOrientations_iPad = "UIInterfaceOrientationPortrait UIInterfaceOrientationPortraitUpsideDown UIInterfaceOrientationLandscapeLeft UIInterfaceOrientationLandscapeRight";
				INFOPLIST_KEY_UISupportedInterfaceOrientations_iPhone = "UIInterfaceOrientationPortrait UIInterfaceOrientationLandscapeLeft UIInterfaceOrientationLandscapeRight";
				LD_RUNPATH_SEARCH_PATHS = (
					"$(inherited)",
					"@executable_path/Frameworks",
				);
				MARKETING_VERSION = 1.0;
				PRODUCT_BUNDLE_IDENTIFIER = com.pubudu.PlannetApp;
				PRODUCT_NAME = "$(TARGET_NAME)";
				SWIFT_EMIT_LOC_STRINGS = YES;
				SWIFT_VERSION = 5.0;
				TARGETED_DEVICE_FAMILY = "1,2";
			};
			name = Debug;
		};
		CEB9397C284063300047141C /* Release */ = {
			isa = XCBuildConfiguration;
			buildSettings = {
				ASSETCATALOG_COMPILER_APPICON_NAME = AppIcon;
				ASSETCATALOG_COMPILER_GLOBAL_ACCENT_COLOR_NAME = AccentColor;
				CODE_SIGN_STYLE = Automatic;
				CURRENT_PROJECT_VERSION = 1;
				DEVELOPMENT_TEAM = 356V28S9UF;
				GENERATE_INFOPLIST_FILE = YES;
				INFOPLIST_FILE = PlannetApp/Info.plist;
				INFOPLIST_KEY_UIApplicationSupportsIndirectInputEvents = YES;
				INFOPLIST_KEY_UILaunchStoryboardName = LaunchScreen;
				INFOPLIST_KEY_UIMainStoryboardFile = Main;
				INFOPLIST_KEY_UISupportedInterfaceOrientations_iPad = "UIInterfaceOrientationPortrait UIInterfaceOrientationPortraitUpsideDown UIInterfaceOrientationLandscapeLeft UIInterfaceOrientationLandscapeRight";
				INFOPLIST_KEY_UISupportedInterfaceOrientations_iPhone = "UIInterfaceOrientationPortrait UIInterfaceOrientationLandscapeLeft UIInterfaceOrientationLandscapeRight";
				LD_RUNPATH_SEARCH_PATHS = (
					"$(inherited)",
					"@executable_path/Frameworks",
				);
				MARKETING_VERSION = 1.0;
				PRODUCT_BUNDLE_IDENTIFIER = com.pubudu.PlannetApp;
				PRODUCT_NAME = "$(TARGET_NAME)";
				SWIFT_EMIT_LOC_STRINGS = YES;
				SWIFT_VERSION = 5.0;
				TARGETED_DEVICE_FAMILY = "1,2";
			};
			name = Release;
		};
		CEB9397E284063300047141C /* Debug */ = {
			isa = XCBuildConfiguration;
			buildSettings = {
				ALWAYS_EMBED_SWIFT_STANDARD_LIBRARIES = YES;
				BUNDLE_LOADER = "$(TEST_HOST)";
				CODE_SIGN_STYLE = Automatic;
				CURRENT_PROJECT_VERSION = 1;
				DEVELOPMENT_TEAM = 356V28S9UF;
				GENERATE_INFOPLIST_FILE = YES;
				IPHONEOS_DEPLOYMENT_TARGET = 15.4;
				MARKETING_VERSION = 1.0;
				PRODUCT_BUNDLE_IDENTIFIER = com.pubudu.PlannetAppTests;
				PRODUCT_NAME = "$(TARGET_NAME)";
				SWIFT_EMIT_LOC_STRINGS = NO;
				SWIFT_VERSION = 5.0;
				TARGETED_DEVICE_FAMILY = "1,2";
				TEST_HOST = "$(BUILT_PRODUCTS_DIR)/PlannetApp.app/PlannetApp";
			};
			name = Debug;
		};
		CEB9397F284063300047141C /* Release */ = {
			isa = XCBuildConfiguration;
			buildSettings = {
				ALWAYS_EMBED_SWIFT_STANDARD_LIBRARIES = YES;
				BUNDLE_LOADER = "$(TEST_HOST)";
				CODE_SIGN_STYLE = Automatic;
				CURRENT_PROJECT_VERSION = 1;
				DEVELOPMENT_TEAM = 356V28S9UF;
				GENERATE_INFOPLIST_FILE = YES;
				IPHONEOS_DEPLOYMENT_TARGET = 15.4;
				MARKETING_VERSION = 1.0;
				PRODUCT_BUNDLE_IDENTIFIER = com.pubudu.PlannetAppTests;
				PRODUCT_NAME = "$(TARGET_NAME)";
				SWIFT_EMIT_LOC_STRINGS = NO;
				SWIFT_VERSION = 5.0;
				TARGETED_DEVICE_FAMILY = "1,2";
				TEST_HOST = "$(BUILT_PRODUCTS_DIR)/PlannetApp.app/PlannetApp";
			};
			name = Release;
		};
		CEB93981284063300047141C /* Debug */ = {
			isa = XCBuildConfiguration;
			buildSettings = {
				ALWAYS_EMBED_SWIFT_STANDARD_LIBRARIES = YES;
				CODE_SIGN_STYLE = Automatic;
				CURRENT_PROJECT_VERSION = 1;
				DEVELOPMENT_TEAM = 356V28S9UF;
				GENERATE_INFOPLIST_FILE = YES;
				MARKETING_VERSION = 1.0;
				PRODUCT_BUNDLE_IDENTIFIER = com.pubudu.PlannetAppUITests;
				PRODUCT_NAME = "$(TARGET_NAME)";
				SWIFT_EMIT_LOC_STRINGS = NO;
				SWIFT_VERSION = 5.0;
				TARGETED_DEVICE_FAMILY = "1,2";
				TEST_TARGET_NAME = PlannetApp;
			};
			name = Debug;
		};
		CEB93982284063300047141C /* Release */ = {
			isa = XCBuildConfiguration;
			buildSettings = {
				ALWAYS_EMBED_SWIFT_STANDARD_LIBRARIES = YES;
				CODE_SIGN_STYLE = Automatic;
				CURRENT_PROJECT_VERSION = 1;
				DEVELOPMENT_TEAM = 356V28S9UF;
				GENERATE_INFOPLIST_FILE = YES;
				MARKETING_VERSION = 1.0;
				PRODUCT_BUNDLE_IDENTIFIER = com.pubudu.PlannetAppUITests;
				PRODUCT_NAME = "$(TARGET_NAME)";
				SWIFT_EMIT_LOC_STRINGS = NO;
				SWIFT_VERSION = 5.0;
				TARGETED_DEVICE_FAMILY = "1,2";
				TEST_TARGET_NAME = PlannetApp;
			};
			name = Release;
		};
/* End XCBuildConfiguration section */

/* Begin XCConfigurationList section */
		CEB9394B2840632D0047141C /* Build configuration list for PBXProject "PlannetApp" */ = {
			isa = XCConfigurationList;
			buildConfigurations = (
				CEB93978284063300047141C /* Debug */,
				CEB93979284063300047141C /* Release */,
			);
			defaultConfigurationIsVisible = 0;
			defaultConfigurationName = Release;
		};
		CEB9397A284063300047141C /* Build configuration list for PBXNativeTarget "PlannetApp" */ = {
			isa = XCConfigurationList;
			buildConfigurations = (
				CEB9397B284063300047141C /* Debug */,
				CEB9397C284063300047141C /* Release */,
			);
			defaultConfigurationIsVisible = 0;
			defaultConfigurationName = Release;
		};
		CEB9397D284063300047141C /* Build configuration list for PBXNativeTarget "PlannetAppTests" */ = {
			isa = XCConfigurationList;
			buildConfigurations = (
				CEB9397E284063300047141C /* Debug */,
				CEB9397F284063300047141C /* Release */,
			);
			defaultConfigurationIsVisible = 0;
			defaultConfigurationName = Release;
		};
		CEB93980284063300047141C /* Build configuration list for PBXNativeTarget "PlannetAppUITests" */ = {
			isa = XCConfigurationList;
			buildConfigurations = (
				CEB93981284063300047141C /* Debug */,
				CEB93982284063300047141C /* Release */,
			);
			defaultConfigurationIsVisible = 0;
			defaultConfigurationName = Release;
		};
/* End XCConfigurationList section */
	};
	rootObject = CEB939482840632D0047141C /* Project object */;
}
